
Microsoft Visual Studio Solution File, Format Version 12.00
# Visual Studio Version 17
VisualStudioVersion = 17.5.002.0
MinimumVisualStudioVersion = 10.0.40219.1
Project("{9A19103F-16F7-4668-BE54-9A1E7A4F7556}") = "01calibration", "01calibration.csproj", "{029D030B-ED06-4E42-AE9A-4CE079597A3E}"
EndProject
Global
	GlobalSection(SolutionConfigurationPlatforms) = preSolution
		Debug|Any CPU = Debug|Any CPU
		Release|Any CPU = Release|Any CPU
	EndGlobalSection
	GlobalSection(ProjectConfigurationPlatforms) = postSolution
		{029D030B-ED06-4E42-AE9A-4CE079597A3E}.Debug|Any CPU.ActiveCfg = Debug|Any CPU
		{029D030B-ED06-4E42-AE9A-4CE079597A3E}.Debug|Any CPU.Build.0 = Debug|Any CPU
		{029D030B-ED06-4E42-AE9A-4CE079597A3E}.Release|Any CPU.ActiveCfg = Release|Any CPU
		{029D030B-ED06-4E42-AE9A-4CE079597A3E}.Release|Any CPU.Build.0 = Release|Any CPU
	EndGlobalSection
	GlobalSection(SolutionProperties) = preSolution
		HideSolutionNode = FALSE
	EndGlobalSection
	GlobalSection(ExtensibilityGlobals) = postSolution
		SolutionGuid = {DE6C609F-23AD-4272-A9DA-F675D3F9B8AA}
	EndGlobalSection
EndGlobal
